<?xml version="1.0" encoding="utf-8"?>
<Project ToolsVersion="4.0" xmlns="http://schemas.microsoft.com/developer/msbuild/2003">
  <ItemGroup>
    <Filter Include="Source Files">
      <UniqueIdentifier>{4FC737F1-C7A5-4376-A066-2A32D752A2FF}</UniqueIdentifier>
      <Extensions>cpp;c;cc;cxx;def;odl;idl;hpj;bat;asm;asmx</Extensions>
    </Filter>
    <Filter Include="Header Files">
      <UniqueIdentifier>{93995380-89BD-4b04-88EB-625FBE52EBFB}</UniqueIdentifier>
      <Extensions>h;hh;hpp;hxx;hm;inl;inc;xsd</Extensions>
    </Filter>
    <Filter Include="Resource Files">
      <UniqueIdentifier>{67DA6AB6-F800-4c08-8B7A-83BB121AAD01}</UniqueIdentifier>
      <Extensions>rc;ico;cur;bmp;dlg;rc2;rct;bin;rgs;gif;jpg;jpeg;jpe;resx;tiff;tif;png;wav;mfcribbon-ms</Extensions>
    </Filter>
  </ItemGroup>
  <ItemGroup>
    <ClCompile Include="main.cpp">
      <Filter>Source Files</Filter>
    </ClCompile>
    <ClCompile Include="XTime.cpp">
      <Filter>Source Files</Filter>
    </ClCompile>
    <ClCompile Include="DDSTextureLoader.cpp">
      <Filter>Source Files</Filter>
    </ClCompile>
    <ClCompile Include="camera.cpp">
      <Filter>Source Files</Filter>
    </ClCompile>
    <ClCompile Include="ObjLoader.cpp">
      <Filter>Source Files</Filter>
    </ClCompile>
    <ClCompile Include="renderToTextureResource.cpp">
      <Filter>Source Files</Filter>
    </ClCompile>
    <ClCompile Include="mirror.cpp">
      <Filter>Source Files</Filter>
    </ClCompile>
    <ClCompile Include="textureArray.cpp">
      <Filter>Source Files</Filter>
    </ClCompile>
    <ClCompile Include="foliage.cpp">
      <Filter>Source Files</Filter>
    </ClCompile>
  </ItemGroup>
  <ItemGroup>
    <ClInclude Include="XTime.h">
      <Filter>Header Files</Filter>
    </ClInclude>
    <ClInclude Include="Cube.h">
      <Filter>Header Files</Filter>
    </ClInclude>
    <ClInclude Include="newchair.h">
      <Filter>Header Files</Filter>
    </ClInclude>
    <ClInclude Include="teapot.h">
      <Filter>Header Files</Filter>
    </ClInclude>
    <ClInclude Include="checkerboard.h">
      <Filter>Header Files</Filter>
    </ClInclude>
    <ClInclude Include="numbers_test.h">
      <Filter>Header Files</Filter>
    </ClInclude>
    <ClInclude Include="DDSTextureLoader.h">
      <Filter>Header Files</Filter>
    </ClInclude>
    <ClInclude Include="earth.h">
      <Filter>Header Files</Filter>
    </ClInclude>
    <ClInclude Include="lotus.h">
      <Filter>Header Files</Filter>
    </ClInclude>
    <ClInclude Include="camera.h">
      <Filter>Header Files</Filter>
    </ClInclude>
    <ClInclude Include="ObjLoader.h">
      <Filter>Header Files</Filter>
    </ClInclude>
    <ClInclude Include="del.h">
      <Filter>Header Files</Filter>
    </ClInclude>
    <ClInclude Include="renderToTextureResource.h">
      <Filter>Header Files</Filter>
    </ClInclude>
    <ClInclude Include="mirror.h">
      <Filter>Header Files</Filter>
    </ClInclude>
    <ClInclude Include="textureArray.h">
      <Filter>Header Files</Filter>
    </ClInclude>
    <ClInclude Include="foliage.h">
      <Filter>Header Files</Filter>
    </ClInclude>
  </ItemGroup>
  <ItemGroup>
    <FxCompile Include="Trivial_VS.hlsl" />
    <FxCompile Include="Trivial_PS.hlsl" />
    <FxCompile Include="MyVertexShader.hlsl" />
    <FxCompile Include="MyPixelShader.hlsl" />
    <FxCompile Include="InstanceVS.hlsl" />
    <FxCompile Include="InstancePS.hlsl" />
    <FxCompile Include="geoShader.hlsl" />
    <FxCompile Include="geoVS.hlsl" />
    <FxCompile Include="geoPS.hlsl" />
    <FxCompile Include="GSViewPort.hlsl" />
    <FxCompile Include="Tes_HS.hlsl" />
    <FxCompile Include="Tes_DS.hlsl" />
    <FxCompile Include="Tes_PS.hlsl" />
    <FxCompile Include="Tes_VS.hlsl" />
    <FxCompile Include="ComputeShader.hlsl" />
    <FxCompile Include="HullShader.hlsl" />
    <FxCompile Include="DomainShader.hlsl" />
    <FxCompile Include="bumpmap.hlsl" />
    <FxCompile Include="ground_PS.hlsl" />
    <FxCompile Include="ComputeShader1.hlsl" />
    <FxCompile Include="ground_VS.hlsl" />
    <FxCompile Include="foliage_PS.hlsl" />
    <FxCompile Include="foliage_VS.hlsl" />
  </ItemGroup>
  <ItemGroup>
    <None Include="Trivial_PS.csh" />
    <None Include="Trivial_VS.csh" />
    <None Include="MyVertexShader.csh" />
    <None Include="MyPixelShader.csh" />
    <None Include="InstanceVS.csh" />
    <None Include="geoShader.csh" />
    <None Include="geoPS.csh" />
    <None Include="geoVS.csh" />
  </ItemGroup>
</Project>